
Microsoft Visual Studio Solution File, Format Version 12.00
# Visual Studio 2013
VisualStudioVersion = 12.0.31101.0
MinimumVisualStudioVersion = 10.0.40219.1
Project("{FAE04EC0-301F-11D3-BF4B-00C04F79EFBC}") = "RotatingWalkInMatrix", "RotatingWalkInMatrix\RotatingWalkInMatrix.csproj", "{A8974782-1EA5-4C46-ABB5-C7644C978A8C}"
EndProject
Project("{FAE04EC0-301F-11D3-BF4B-00C04F79EFBC}") = "RotatingWalkInMatrixTests", "RotatingWalkInMatrixTests\RotatingWalkInMatrixTests.csproj", "{F0014664-E29F-4077-990E-907D91FF05BB}"
EndProject
Global
	GlobalSection(SolutionConfigurationPlatforms) = preSolution
		Debug|Any CPU = Debug|Any CPU
		Release|Any CPU = Release|Any CPU
	EndGlobalSection
	GlobalSection(ProjectConfigurationPlatforms) = postSolution
		{A8974782-1EA5-4C46-ABB5-C7644C978A8C}.Debug|Any CPU.ActiveCfg = Debug|Any CPU
		{A8974782-1EA5-4C46-ABB5-C7644C978A8C}.Debug|Any CPU.Build.0 = Debug|Any CPU
		{A8974782-1EA5-4C46-ABB5-C7644C978A8C}.Release|Any CPU.ActiveCfg = Release|Any CPU
		{A8974782-1EA5-4C46-ABB5-C7644C978A8C}.Release|Any CPU.Build.0 = Release|Any CPU
		{F0014664-E29F-4077-990E-907D91FF05BB}.Debug|Any CPU.ActiveCfg = Debug|Any CPU
		{F0014664-E29F-4077-990E-907D91FF05BB}.Debug|Any CPU.Build.0 = Debug|Any CPU
		{F0014664-E29F-4077-990E-907D91FF05BB}.Release|Any CPU.ActiveCfg = Release|Any CPU
		{F0014664-E29F-4077-990E-907D91FF05BB}.Release|Any CPU.Build.0 = Release|Any CPU
	EndGlobalSection
	GlobalSection(SolutionProperties) = preSolution
		HideSolutionNode = FALSE
	EndGlobalSection
EndGlobal
