
Microsoft Visual Studio Solution File, Format Version 12.00
# Visual Studio 14
VisualStudioVersion = 14.0.24720.0
MinimumVisualStudioVersion = 10.0.40219.1
Project("{FAE04EC0-301F-11D3-BF4B-00C04F79EFBC}") = "Vehicle Park System", "Vehicle Park System\Vehicle Park System.csproj", "{5A83B082-0C19-4FE4-984A-E80ED7EF3856}"
EndProject
Project("{FAE04EC0-301F-11D3-BF4B-00C04F79EFBC}") = "VehiclesParkSystemTests", "VehiclesParkSystemTests\VehiclesParkSystemTests.csproj", "{0C5E89D6-E5CF-4FA2-92AF-2B037FDC506D}"
EndProject
Global
	GlobalSection(SolutionConfigurationPlatforms) = preSolution
		Debug|Any CPU = Debug|Any CPU
		Release|Any CPU = Release|Any CPU
	EndGlobalSection
	GlobalSection(ProjectConfigurationPlatforms) = postSolution
		{5A83B082-0C19-4FE4-984A-E80ED7EF3856}.Debug|Any CPU.ActiveCfg = Debug|Any CPU
		{5A83B082-0C19-4FE4-984A-E80ED7EF3856}.Debug|Any CPU.Build.0 = Debug|Any CPU
		{5A83B082-0C19-4FE4-984A-E80ED7EF3856}.Release|Any CPU.ActiveCfg = Release|Any CPU
		{5A83B082-0C19-4FE4-984A-E80ED7EF3856}.Release|Any CPU.Build.0 = Release|Any CPU
		{0C5E89D6-E5CF-4FA2-92AF-2B037FDC506D}.Debug|Any CPU.ActiveCfg = Debug|Any CPU
		{0C5E89D6-E5CF-4FA2-92AF-2B037FDC506D}.Debug|Any CPU.Build.0 = Debug|Any CPU
		{0C5E89D6-E5CF-4FA2-92AF-2B037FDC506D}.Release|Any CPU.ActiveCfg = Release|Any CPU
		{0C5E89D6-E5CF-4FA2-92AF-2B037FDC506D}.Release|Any CPU.Build.0 = Release|Any CPU
	EndGlobalSection
	GlobalSection(SolutionProperties) = preSolution
		HideSolutionNode = FALSE
	EndGlobalSection
EndGlobal
